
Microsoft Visual Studio Solution File, Format Version 12.00
# Visual Studio Version 17
VisualStudioVersion = 17.1.32328.378
MinimumVisualStudioVersion = 10.0.40219.1
Project("{FAE04EC0-301F-11D3-BF4B-00C04F79EFBC}") = "UsersTask1", "UsersTask1\UsersTask1.csproj", "{56654D5D-4E64-4C67-8620-05DC9F6E2961}"
EndProject
Global
	GlobalSection(SolutionConfigurationPlatforms) = preSolution
		Debug|Any CPU = Debug|Any CPU
		Release|Any CPU = Release|Any CPU
	EndGlobalSection
	GlobalSection(ProjectConfigurationPlatforms) = postSolution
		{56654D5D-4E64-4C67-8620-05DC9F6E2961}.Debug|Any CPU.ActiveCfg = Debug|Any CPU
		{56654D5D-4E64-4C67-8620-05DC9F6E2961}.Debug|Any CPU.Build.0 = Debug|Any CPU
		{56654D5D-4E64-4C67-8620-05DC9F6E2961}.Release|Any CPU.ActiveCfg = Release|Any CPU
		{56654D5D-4E64-4C67-8620-05DC9F6E2961}.Release|Any CPU.Build.0 = Release|Any CPU
	EndGlobalSection
	GlobalSection(SolutionProperties) = preSolution
		HideSolutionNode = FALSE
	EndGlobalSection
	GlobalSection(ExtensibilityGlobals) = postSolution
		SolutionGuid = {989EBB79-75F8-447A-AA0C-D0F2CEED80BA}
	EndGlobalSection
EndGlobal
